
Microsoft Visual Studio Solution File, Format Version 12.00
# Visual Studio Version 17
VisualStudioVersion = 17.6.33829.357
MinimumVisualStudioVersion = 10.0.40219.1
Project("{9A19103F-16F7-4668-BE54-9A1E7A4F7556}") = "Theseus.WPF", "Theseus.WPF\Theseus.WPF.csproj", "{0FAF2814-DD18-46C6-B07A-4D28AE4F94DE}"
EndProject
Project("{9A19103F-16F7-4668-BE54-9A1E7A4F7556}") = "Theseus.Infrastructure", "Theseus.Infrastructure\Theseus.Infrastructure.csproj", "{FC31A71B-1155-4CD3-8829-92C3D19E3D18}"
EndProject
Project("{9A19103F-16F7-4668-BE54-9A1E7A4F7556}") = "Theseus.Domain", "Theseus.Domain\Theseus.Domain.csproj", "{B92382F0-F4A0-4B7B-B525-C5D8746D9DD9}"
EndProject
Project("{54435603-DBB4-11D2-8724-00A0C9A8B90C}") = "TheseusSetup", "TheseusSetup\TheseusSetup.vdproj", "{E3AA69EB-99F9-46AA-8600-C4BAD79A5054}"
EndProject
Global
	GlobalSection(SolutionConfigurationPlatforms) = preSolution
		Debug|Any CPU = Debug|Any CPU
		Release|Any CPU = Release|Any CPU
	EndGlobalSection
	GlobalSection(ProjectConfigurationPlatforms) = postSolution
		{0FAF2814-DD18-46C6-B07A-4D28AE4F94DE}.Debug|Any CPU.ActiveCfg = Debug|Any CPU
		{0FAF2814-DD18-46C6-B07A-4D28AE4F94DE}.Debug|Any CPU.Build.0 = Debug|Any CPU
		{0FAF2814-DD18-46C6-B07A-4D28AE4F94DE}.Release|Any CPU.ActiveCfg = Release|Any CPU
		{0FAF2814-DD18-46C6-B07A-4D28AE4F94DE}.Release|Any CPU.Build.0 = Release|Any CPU
		{FC31A71B-1155-4CD3-8829-92C3D19E3D18}.Debug|Any CPU.ActiveCfg = Debug|Any CPU
		{FC31A71B-1155-4CD3-8829-92C3D19E3D18}.Debug|Any CPU.Build.0 = Debug|Any CPU
		{FC31A71B-1155-4CD3-8829-92C3D19E3D18}.Release|Any CPU.ActiveCfg = Release|Any CPU
		{FC31A71B-1155-4CD3-8829-92C3D19E3D18}.Release|Any CPU.Build.0 = Release|Any CPU
		{B92382F0-F4A0-4B7B-B525-C5D8746D9DD9}.Debug|Any CPU.ActiveCfg = Debug|Any CPU
		{B92382F0-F4A0-4B7B-B525-C5D8746D9DD9}.Debug|Any CPU.Build.0 = Debug|Any CPU
		{B92382F0-F4A0-4B7B-B525-C5D8746D9DD9}.Release|Any CPU.ActiveCfg = Release|Any CPU
		{B92382F0-F4A0-4B7B-B525-C5D8746D9DD9}.Release|Any CPU.Build.0 = Release|Any CPU
		{E3AA69EB-99F9-46AA-8600-C4BAD79A5054}.Debug|Any CPU.ActiveCfg = Debug
		{E3AA69EB-99F9-46AA-8600-C4BAD79A5054}.Release|Any CPU.ActiveCfg = Release
	EndGlobalSection
	GlobalSection(SolutionProperties) = preSolution
		HideSolutionNode = FALSE
	EndGlobalSection
	GlobalSection(ExtensibilityGlobals) = postSolution
		SolutionGuid = {A7087443-2E0B-41EF-829F-F35364A9E6BC}
	EndGlobalSection
EndGlobal
